
Microsoft Visual Studio Solution File, Format Version 12.00
# Visual Studio Version 17
VisualStudioVersion = 17.14.36301.6
MinimumVisualStudioVersion = 10.0.40219.1
Project("{2150E333-8FDC-42A3-9474-1A3956D46DE8}") = "Services", "Services", "{02EA681E-C7D8-13C7-8484-4AC65E1B71E8}"
EndProject
Project("{2150E333-8FDC-42A3-9474-1A3956D46DE8}") = "Catalog", "Catalog", "{5379B699-F585-4DF8-80BE-DF18D7E59A61}"
EndProject
Project("{FAE04EC0-301F-11D3-BF4B-00C04F79EFBC}") = "Catalog.API", "Services\Catalog\Catalog.API\Catalog.API.csproj", "{679AD27E-7C7C-484B-A400-8C7E10BB59BA}"
EndProject
Project("{2150E333-8FDC-42A3-9474-1A3956D46DE8}") = "Common", "Common", "{65EA1A82-E552-4224-9168-950B2B41CDD9}"
EndProject
Project("{FAE04EC0-301F-11D3-BF4B-00C04F79EFBC}") = "Common", "Common\Common\Common.csproj", "{D95DB5CD-C8C4-47CA-A6B1-BE3A592004E3}"
EndProject
Project("{E53339B2-1760-4266-BCC7-CA923CBCF16C}") = "docker-compose", "docker-compose.dcproj", "{81DDED9D-158B-E303-5F62-77A2896D2A5A}"
EndProject
Project("{2150E333-8FDC-42A3-9474-1A3956D46DE8}") = "Basket", "Basket", "{5B76549F-891D-4829-AECE-7DFAF43F045F}"
EndProject
Project("{FAE04EC0-301F-11D3-BF4B-00C04F79EFBC}") = "Basket.API", "Services\Basket.API\Basket.API.csproj", "{A3521129-7B51-48A9-AD48-E9855CD89DBF}"
EndProject
Project("{FAE04EC0-301F-11D3-BF4B-00C04F79EFBC}") = "Common.Logging", "Common\Common.Logging\Common.Logging.csproj", "{924AC4AE-3498-4431-BEAE-9CDD6EDE8F23}"
EndProject
Project("{FAE04EC0-301F-11D3-BF4B-00C04F79EFBC}") = "Common.Infas", "Common\Common.Infas\Common.Infas.csproj", "{6A434693-47AE-4B11-9FD6-E28C13332B60}"
EndProject
Project("{FAE04EC0-301F-11D3-BF4B-00C04F79EFBC}") = "Common.EvenBus", "Common\Common.EvenBus\Common.EvenBus.csproj", "{1319F148-79C9-4E70-80EA-715BE713515B}"
EndProject
Project("{FAE04EC0-301F-11D3-BF4B-00C04F79EFBC}") = "Common.Contracts", "Common\Common.Contracts\Common.Contracts.csproj", "{1DB9B458-166F-4846-80E2-A011FEB298CE}"
EndProject
Project("{FAE04EC0-301F-11D3-BF4B-00C04F79EFBC}") = "Common.Shared", "Common\Common.Shared\Common.Shared.csproj", "{0F944B7F-C659-4BAB-A1B0-FEC0DF53EE7F}"
EndProject
Project("{2150E333-8FDC-42A3-9474-1A3956D46DE8}") = "Customer", "Customer", "{502D1BD7-7EDB-4383-9878-771D48638BF8}"
EndProject
Project("{2150E333-8FDC-42A3-9474-1A3956D46DE8}") = "Inventory", "Inventory", "{7EEC2ACB-8B08-42D1-B718-626F75344FDC}"
EndProject
Project("{2150E333-8FDC-42A3-9474-1A3956D46DE8}") = "Ordering", "Ordering", "{06EC5412-FCBD-470C-9FEC-8C9D0BBDC7EE}"
EndProject
Project("{2150E333-8FDC-42A3-9474-1A3956D46DE8}") = "Product", "Product", "{643ED757-4233-4B24-B02D-5BA184CE481F}"
EndProject
Project("{2150E333-8FDC-42A3-9474-1A3956D46DE8}") = "Hangfire", "Hangfire", "{A250DE1B-D033-4B95-BAF6-2EE9DF51FE11}"
EndProject
Project("{FAE04EC0-301F-11D3-BF4B-00C04F79EFBC}") = "Customer.API", "Services\Customer.API\Customer.API.csproj", "{0ED9685B-6FAC-43CD-A9D2-6511FC90301B}"
EndProject
Project("{FAE04EC0-301F-11D3-BF4B-00C04F79EFBC}") = "Hangfire.API", "Services\Hangfire.API\Hangfire.API.csproj", "{6E18553E-C775-4162-BACC-6B3AC19A9D08}"
EndProject
Project("{FAE04EC0-301F-11D3-BF4B-00C04F79EFBC}") = "Inventory.API", "Services\Inventory.API\Inventory.API.csproj", "{A2D82E87-8D60-4EED-83C5-71C2F3317ED5}"
EndProject
Project("{FAE04EC0-301F-11D3-BF4B-00C04F79EFBC}") = "Product.API", "Services\Product.API\Product.API.csproj", "{2C3704A6-A57F-4125-BF99-84E66FEB428F}"
EndProject
Project("{FAE04EC0-301F-11D3-BF4B-00C04F79EFBC}") = "Ordering.API", "Services\Ordering\Ordering.API\Ordering.API.csproj", "{47A7CDAD-6233-40A8-9CD5-368D363E7F05}"
EndProject
Project("{FAE04EC0-301F-11D3-BF4B-00C04F79EFBC}") = "Ordering.Infastructure", "Services\Ordering\Ordering.Infastructure\Ordering.Infastructure.csproj", "{73485415-133A-424B-B431-514D0C613C9B}"
EndProject
Project("{FAE04EC0-301F-11D3-BF4B-00C04F79EFBC}") = "Ordering.Application", "Services\Ordering\Ordering.Application\Ordering.Application.csproj", "{2D58F1E6-CF7D-4689-8C51-99A658022392}"
EndProject
Project("{FAE04EC0-301F-11D3-BF4B-00C04F79EFBC}") = "Ordering.Domain", "Services\Ordering\Ordering.Domain\Ordering.Domain.csproj", "{37BD9518-6588-4015-9639-8913C259FED4}"
EndProject
Global
	GlobalSection(SolutionConfigurationPlatforms) = preSolution
		Debug|Any CPU = Debug|Any CPU
		Release|Any CPU = Release|Any CPU
	EndGlobalSection
	GlobalSection(ProjectConfigurationPlatforms) = postSolution
		{679AD27E-7C7C-484B-A400-8C7E10BB59BA}.Debug|Any CPU.ActiveCfg = Debug|Any CPU
		{679AD27E-7C7C-484B-A400-8C7E10BB59BA}.Debug|Any CPU.Build.0 = Debug|Any CPU
		{679AD27E-7C7C-484B-A400-8C7E10BB59BA}.Release|Any CPU.ActiveCfg = Release|Any CPU
		{679AD27E-7C7C-484B-A400-8C7E10BB59BA}.Release|Any CPU.Build.0 = Release|Any CPU
		{D95DB5CD-C8C4-47CA-A6B1-BE3A592004E3}.Debug|Any CPU.ActiveCfg = Debug|Any CPU
		{D95DB5CD-C8C4-47CA-A6B1-BE3A592004E3}.Debug|Any CPU.Build.0 = Debug|Any CPU
		{D95DB5CD-C8C4-47CA-A6B1-BE3A592004E3}.Release|Any CPU.ActiveCfg = Release|Any CPU
		{D95DB5CD-C8C4-47CA-A6B1-BE3A592004E3}.Release|Any CPU.Build.0 = Release|Any CPU
		{81DDED9D-158B-E303-5F62-77A2896D2A5A}.Debug|Any CPU.ActiveCfg = Debug|Any CPU
		{81DDED9D-158B-E303-5F62-77A2896D2A5A}.Debug|Any CPU.Build.0 = Debug|Any CPU
		{81DDED9D-158B-E303-5F62-77A2896D2A5A}.Release|Any CPU.ActiveCfg = Release|Any CPU
		{81DDED9D-158B-E303-5F62-77A2896D2A5A}.Release|Any CPU.Build.0 = Release|Any CPU
		{A3521129-7B51-48A9-AD48-E9855CD89DBF}.Debug|Any CPU.ActiveCfg = Debug|Any CPU
		{A3521129-7B51-48A9-AD48-E9855CD89DBF}.Debug|Any CPU.Build.0 = Debug|Any CPU
		{A3521129-7B51-48A9-AD48-E9855CD89DBF}.Release|Any CPU.ActiveCfg = Release|Any CPU
		{A3521129-7B51-48A9-AD48-E9855CD89DBF}.Release|Any CPU.Build.0 = Release|Any CPU
		{924AC4AE-3498-4431-BEAE-9CDD6EDE8F23}.Debug|Any CPU.ActiveCfg = Debug|Any CPU
		{924AC4AE-3498-4431-BEAE-9CDD6EDE8F23}.Debug|Any CPU.Build.0 = Debug|Any CPU
		{924AC4AE-3498-4431-BEAE-9CDD6EDE8F23}.Release|Any CPU.ActiveCfg = Release|Any CPU
		{924AC4AE-3498-4431-BEAE-9CDD6EDE8F23}.Release|Any CPU.Build.0 = Release|Any CPU
		{6A434693-47AE-4B11-9FD6-E28C13332B60}.Debug|Any CPU.ActiveCfg = Debug|Any CPU
		{6A434693-47AE-4B11-9FD6-E28C13332B60}.Debug|Any CPU.Build.0 = Debug|Any CPU
		{6A434693-47AE-4B11-9FD6-E28C13332B60}.Release|Any CPU.ActiveCfg = Release|Any CPU
		{6A434693-47AE-4B11-9FD6-E28C13332B60}.Release|Any CPU.Build.0 = Release|Any CPU
		{1319F148-79C9-4E70-80EA-715BE713515B}.Debug|Any CPU.ActiveCfg = Debug|Any CPU
		{1319F148-79C9-4E70-80EA-715BE713515B}.Debug|Any CPU.Build.0 = Debug|Any CPU
		{1319F148-79C9-4E70-80EA-715BE713515B}.Release|Any CPU.ActiveCfg = Release|Any CPU
		{1319F148-79C9-4E70-80EA-715BE713515B}.Release|Any CPU.Build.0 = Release|Any CPU
		{1DB9B458-166F-4846-80E2-A011FEB298CE}.Debug|Any CPU.ActiveCfg = Debug|Any CPU
		{1DB9B458-166F-4846-80E2-A011FEB298CE}.Debug|Any CPU.Build.0 = Debug|Any CPU
		{1DB9B458-166F-4846-80E2-A011FEB298CE}.Release|Any CPU.ActiveCfg = Release|Any CPU
		{1DB9B458-166F-4846-80E2-A011FEB298CE}.Release|Any CPU.Build.0 = Release|Any CPU
		{0F944B7F-C659-4BAB-A1B0-FEC0DF53EE7F}.Debug|Any CPU.ActiveCfg = Debug|Any CPU
		{0F944B7F-C659-4BAB-A1B0-FEC0DF53EE7F}.Debug|Any CPU.Build.0 = Debug|Any CPU
		{0F944B7F-C659-4BAB-A1B0-FEC0DF53EE7F}.Release|Any CPU.ActiveCfg = Release|Any CPU
		{0F944B7F-C659-4BAB-A1B0-FEC0DF53EE7F}.Release|Any CPU.Build.0 = Release|Any CPU
		{0ED9685B-6FAC-43CD-A9D2-6511FC90301B}.Debug|Any CPU.ActiveCfg = Debug|Any CPU
		{0ED9685B-6FAC-43CD-A9D2-6511FC90301B}.Debug|Any CPU.Build.0 = Debug|Any CPU
		{0ED9685B-6FAC-43CD-A9D2-6511FC90301B}.Release|Any CPU.ActiveCfg = Release|Any CPU
		{0ED9685B-6FAC-43CD-A9D2-6511FC90301B}.Release|Any CPU.Build.0 = Release|Any CPU
		{6E18553E-C775-4162-BACC-6B3AC19A9D08}.Debug|Any CPU.ActiveCfg = Debug|Any CPU
		{6E18553E-C775-4162-BACC-6B3AC19A9D08}.Debug|Any CPU.Build.0 = Debug|Any CPU
		{6E18553E-C775-4162-BACC-6B3AC19A9D08}.Release|Any CPU.ActiveCfg = Release|Any CPU
		{6E18553E-C775-4162-BACC-6B3AC19A9D08}.Release|Any CPU.Build.0 = Release|Any CPU
		{A2D82E87-8D60-4EED-83C5-71C2F3317ED5}.Debug|Any CPU.ActiveCfg = Debug|Any CPU
		{A2D82E87-8D60-4EED-83C5-71C2F3317ED5}.Debug|Any CPU.Build.0 = Debug|Any CPU
		{A2D82E87-8D60-4EED-83C5-71C2F3317ED5}.Release|Any CPU.ActiveCfg = Release|Any CPU
		{A2D82E87-8D60-4EED-83C5-71C2F3317ED5}.Release|Any CPU.Build.0 = Release|Any CPU
		{2C3704A6-A57F-4125-BF99-84E66FEB428F}.Debug|Any CPU.ActiveCfg = Debug|Any CPU
		{2C3704A6-A57F-4125-BF99-84E66FEB428F}.Debug|Any CPU.Build.0 = Debug|Any CPU
		{2C3704A6-A57F-4125-BF99-84E66FEB428F}.Release|Any CPU.ActiveCfg = Release|Any CPU
		{2C3704A6-A57F-4125-BF99-84E66FEB428F}.Release|Any CPU.Build.0 = Release|Any CPU
		{47A7CDAD-6233-40A8-9CD5-368D363E7F05}.Debug|Any CPU.ActiveCfg = Debug|Any CPU
		{47A7CDAD-6233-40A8-9CD5-368D363E7F05}.Debug|Any CPU.Build.0 = Debug|Any CPU
		{47A7CDAD-6233-40A8-9CD5-368D363E7F05}.Release|Any CPU.ActiveCfg = Release|Any CPU
		{47A7CDAD-6233-40A8-9CD5-368D363E7F05}.Release|Any CPU.Build.0 = Release|Any CPU
		{73485415-133A-424B-B431-514D0C613C9B}.Debug|Any CPU.ActiveCfg = Debug|Any CPU
		{73485415-133A-424B-B431-514D0C613C9B}.Debug|Any CPU.Build.0 = Debug|Any CPU
		{73485415-133A-424B-B431-514D0C613C9B}.Release|Any CPU.ActiveCfg = Release|Any CPU
		{73485415-133A-424B-B431-514D0C613C9B}.Release|Any CPU.Build.0 = Release|Any CPU
		{2D58F1E6-CF7D-4689-8C51-99A658022392}.Debug|Any CPU.ActiveCfg = Debug|Any CPU
		{2D58F1E6-CF7D-4689-8C51-99A658022392}.Debug|Any CPU.Build.0 = Debug|Any CPU
		{2D58F1E6-CF7D-4689-8C51-99A658022392}.Release|Any CPU.ActiveCfg = Release|Any CPU
		{2D58F1E6-CF7D-4689-8C51-99A658022392}.Release|Any CPU.Build.0 = Release|Any CPU
		{37BD9518-6588-4015-9639-8913C259FED4}.Debug|Any CPU.ActiveCfg = Debug|Any CPU
		{37BD9518-6588-4015-9639-8913C259FED4}.Debug|Any CPU.Build.0 = Debug|Any CPU
		{37BD9518-6588-4015-9639-8913C259FED4}.Release|Any CPU.ActiveCfg = Release|Any CPU
		{37BD9518-6588-4015-9639-8913C259FED4}.Release|Any CPU.Build.0 = Release|Any CPU
	EndGlobalSection
	GlobalSection(SolutionProperties) = preSolution
		HideSolutionNode = FALSE
	EndGlobalSection
	GlobalSection(NestedProjects) = preSolution
		{5379B699-F585-4DF8-80BE-DF18D7E59A61} = {02EA681E-C7D8-13C7-8484-4AC65E1B71E8}
		{679AD27E-7C7C-484B-A400-8C7E10BB59BA} = {5379B699-F585-4DF8-80BE-DF18D7E59A61}
		{D95DB5CD-C8C4-47CA-A6B1-BE3A592004E3} = {65EA1A82-E552-4224-9168-950B2B41CDD9}
		{5B76549F-891D-4829-AECE-7DFAF43F045F} = {02EA681E-C7D8-13C7-8484-4AC65E1B71E8}
		{A3521129-7B51-48A9-AD48-E9855CD89DBF} = {5B76549F-891D-4829-AECE-7DFAF43F045F}
		{924AC4AE-3498-4431-BEAE-9CDD6EDE8F23} = {65EA1A82-E552-4224-9168-950B2B41CDD9}
		{6A434693-47AE-4B11-9FD6-E28C13332B60} = {65EA1A82-E552-4224-9168-950B2B41CDD9}
		{1319F148-79C9-4E70-80EA-715BE713515B} = {65EA1A82-E552-4224-9168-950B2B41CDD9}
		{1DB9B458-166F-4846-80E2-A011FEB298CE} = {65EA1A82-E552-4224-9168-950B2B41CDD9}
		{0F944B7F-C659-4BAB-A1B0-FEC0DF53EE7F} = {65EA1A82-E552-4224-9168-950B2B41CDD9}
		{502D1BD7-7EDB-4383-9878-771D48638BF8} = {02EA681E-C7D8-13C7-8484-4AC65E1B71E8}
		{7EEC2ACB-8B08-42D1-B718-626F75344FDC} = {02EA681E-C7D8-13C7-8484-4AC65E1B71E8}
		{06EC5412-FCBD-470C-9FEC-8C9D0BBDC7EE} = {02EA681E-C7D8-13C7-8484-4AC65E1B71E8}
		{643ED757-4233-4B24-B02D-5BA184CE481F} = {02EA681E-C7D8-13C7-8484-4AC65E1B71E8}
		{A250DE1B-D033-4B95-BAF6-2EE9DF51FE11} = {02EA681E-C7D8-13C7-8484-4AC65E1B71E8}
		{0ED9685B-6FAC-43CD-A9D2-6511FC90301B} = {502D1BD7-7EDB-4383-9878-771D48638BF8}
		{6E18553E-C775-4162-BACC-6B3AC19A9D08} = {A250DE1B-D033-4B95-BAF6-2EE9DF51FE11}
		{A2D82E87-8D60-4EED-83C5-71C2F3317ED5} = {7EEC2ACB-8B08-42D1-B718-626F75344FDC}
		{2C3704A6-A57F-4125-BF99-84E66FEB428F} = {643ED757-4233-4B24-B02D-5BA184CE481F}
		{47A7CDAD-6233-40A8-9CD5-368D363E7F05} = {06EC5412-FCBD-470C-9FEC-8C9D0BBDC7EE}
		{73485415-133A-424B-B431-514D0C613C9B} = {06EC5412-FCBD-470C-9FEC-8C9D0BBDC7EE}
		{2D58F1E6-CF7D-4689-8C51-99A658022392} = {06EC5412-FCBD-470C-9FEC-8C9D0BBDC7EE}
		{37BD9518-6588-4015-9639-8913C259FED4} = {06EC5412-FCBD-470C-9FEC-8C9D0BBDC7EE}
	EndGlobalSection
	GlobalSection(ExtensibilityGlobals) = postSolution
		SolutionGuid = {2EA40E6C-C46F-4406-86B4-B0264C537B00}
	EndGlobalSection
EndGlobal
